
Microsoft Visual Studio Solution File, Format Version 12.00
# Visual Studio Version 16
VisualStudioVersion = 16.0.31624.102
MinimumVisualStudioVersion = 10.0.40219.1
Project("{FAE04EC0-301F-11D3-BF4B-00C04F79EFBC}") = "AppEstacionamento.NET3", "AppEstacionamento.NET3\AppEstacionamento.NET3.csproj", "{AA18F307-593F-4207-AF50-88ED6F3C9045}"
EndProject
Project("{2150E333-8FDC-42A3-9474-1A3956D46DE8}") = "Solution Items", "Solution Items", "{F89B9025-6846-40DA-BC94-4B754402DEFC}"
	ProjectSection(SolutionItems) = preProject
		.editorconfig = .editorconfig
	EndProjectSection
EndProject
Global
	GlobalSection(SolutionConfigurationPlatforms) = preSolution
		Debug|Any CPU = Debug|Any CPU
		Release|Any CPU = Release|Any CPU
	EndGlobalSection
	GlobalSection(ProjectConfigurationPlatforms) = postSolution
		{AA18F307-593F-4207-AF50-88ED6F3C9045}.Debug|Any CPU.ActiveCfg = Debug|Any CPU
		{AA18F307-593F-4207-AF50-88ED6F3C9045}.Debug|Any CPU.Build.0 = Debug|Any CPU
		{AA18F307-593F-4207-AF50-88ED6F3C9045}.Release|Any CPU.ActiveCfg = Release|Any CPU
		{AA18F307-593F-4207-AF50-88ED6F3C9045}.Release|Any CPU.Build.0 = Release|Any CPU
	EndGlobalSection
	GlobalSection(SolutionProperties) = preSolution
		HideSolutionNode = FALSE
	EndGlobalSection
	GlobalSection(ExtensibilityGlobals) = postSolution
		SolutionGuid = {4F7A387E-C5CE-45DB-9211-D9CB648CF6E9}
	EndGlobalSection
EndGlobal
